
Microsoft Visual Studio Solution File, Format Version 12.00
# Visual Studio Version 17
VisualStudioVersion = 17.9.34607.119
MinimumVisualStudioVersion = 10.0.40219.1
Project("{FAE04EC0-301F-11D3-BF4B-00C04F79EFBC}") = "AppointmentService", "AppointmentService\AppointmentService.csproj", "{D4D39D91-B8A8-4E67-BB2E-C4DCA7E6DA1E}"
EndProject
Global
	GlobalSection(SolutionConfigurationPlatforms) = preSolution
		Debug|Any CPU = Debug|Any CPU
		Release|Any CPU = Release|Any CPU
	EndGlobalSection
	GlobalSection(ProjectConfigurationPlatforms) = postSolution
		{D4D39D91-B8A8-4E67-BB2E-C4DCA7E6DA1E}.Debug|Any CPU.ActiveCfg = Debug|Any CPU
		{D4D39D91-B8A8-4E67-BB2E-C4DCA7E6DA1E}.Debug|Any CPU.Build.0 = Debug|Any CPU
		{D4D39D91-B8A8-4E67-BB2E-C4DCA7E6DA1E}.Release|Any CPU.ActiveCfg = Release|Any CPU
		{D4D39D91-B8A8-4E67-BB2E-C4DCA7E6DA1E}.Release|Any CPU.Build.0 = Release|Any CPU
	EndGlobalSection
	GlobalSection(SolutionProperties) = preSolution
		HideSolutionNode = FALSE
	EndGlobalSection
	GlobalSection(ExtensibilityGlobals) = postSolution
		SolutionGuid = {64A2A9BC-E10B-40A9-B9C6-6F8FE1232A56}
	EndGlobalSection
EndGlobal
